
Microsoft Visual Studio Solution File, Format Version 12.00
# Visual Studio Version 17
VisualStudioVersion = 17.1.32228.430
MinimumVisualStudioVersion = 10.0.40219.1
Project("{9A19103F-16F7-4668-BE54-9A1E7A4F7556}") = "HermesChat", "HermesChat\HermesChat.csproj", "{307D2CD5-3B3C-4D62-9823-EF6A405512E2}"
EndProject
Project("{FAE04EC0-301F-11D3-BF4B-00C04F79EFBC}") = "Data", "Data\Data.csproj", "{447E0A19-EC56-4BD7-9E8B-D78886C88FB2}"
EndProject
Project("{FAE04EC0-301F-11D3-BF4B-00C04F79EFBC}") = "Entity", "Entity\Entity.csproj", "{FFA32F7E-B21D-47A5-83D7-5562A3716460}"
EndProject
Project("{FAE04EC0-301F-11D3-BF4B-00C04F79EFBC}") = "Services", "Services\Services.csproj", "{CA0E9228-6A0D-4099-B06E-81CFBAD303FC}"
EndProject
Project("{FAE04EC0-301F-11D3-BF4B-00C04F79EFBC}") = "Tests", "Tests\Tests.csproj", "{4EB420AE-846F-48AA-A55D-41D826799600}"
EndProject
Global
	GlobalSection(SolutionConfigurationPlatforms) = preSolution
		Debug|Any CPU = Debug|Any CPU
		Release|Any CPU = Release|Any CPU
	EndGlobalSection
	GlobalSection(ProjectConfigurationPlatforms) = postSolution
		{307D2CD5-3B3C-4D62-9823-EF6A405512E2}.Debug|Any CPU.ActiveCfg = Debug|Any CPU
		{307D2CD5-3B3C-4D62-9823-EF6A405512E2}.Debug|Any CPU.Build.0 = Debug|Any CPU
		{307D2CD5-3B3C-4D62-9823-EF6A405512E2}.Release|Any CPU.ActiveCfg = Release|Any CPU
		{307D2CD5-3B3C-4D62-9823-EF6A405512E2}.Release|Any CPU.Build.0 = Release|Any CPU
		{447E0A19-EC56-4BD7-9E8B-D78886C88FB2}.Debug|Any CPU.ActiveCfg = Debug|Any CPU
		{447E0A19-EC56-4BD7-9E8B-D78886C88FB2}.Debug|Any CPU.Build.0 = Debug|Any CPU
		{447E0A19-EC56-4BD7-9E8B-D78886C88FB2}.Release|Any CPU.ActiveCfg = Release|Any CPU
		{447E0A19-EC56-4BD7-9E8B-D78886C88FB2}.Release|Any CPU.Build.0 = Release|Any CPU
		{FFA32F7E-B21D-47A5-83D7-5562A3716460}.Debug|Any CPU.ActiveCfg = Debug|Any CPU
		{FFA32F7E-B21D-47A5-83D7-5562A3716460}.Debug|Any CPU.Build.0 = Debug|Any CPU
		{FFA32F7E-B21D-47A5-83D7-5562A3716460}.Release|Any CPU.ActiveCfg = Release|Any CPU
		{FFA32F7E-B21D-47A5-83D7-5562A3716460}.Release|Any CPU.Build.0 = Release|Any CPU
		{CA0E9228-6A0D-4099-B06E-81CFBAD303FC}.Debug|Any CPU.ActiveCfg = Debug|Any CPU
		{CA0E9228-6A0D-4099-B06E-81CFBAD303FC}.Debug|Any CPU.Build.0 = Debug|Any CPU
		{CA0E9228-6A0D-4099-B06E-81CFBAD303FC}.Release|Any CPU.ActiveCfg = Release|Any CPU
		{CA0E9228-6A0D-4099-B06E-81CFBAD303FC}.Release|Any CPU.Build.0 = Release|Any CPU
		{4EB420AE-846F-48AA-A55D-41D826799600}.Debug|Any CPU.ActiveCfg = Debug|Any CPU
		{4EB420AE-846F-48AA-A55D-41D826799600}.Debug|Any CPU.Build.0 = Debug|Any CPU
		{4EB420AE-846F-48AA-A55D-41D826799600}.Release|Any CPU.ActiveCfg = Release|Any CPU
		{4EB420AE-846F-48AA-A55D-41D826799600}.Release|Any CPU.Build.0 = Release|Any CPU
	EndGlobalSection
	GlobalSection(SolutionProperties) = preSolution
		HideSolutionNode = FALSE
	EndGlobalSection
	GlobalSection(ExtensibilityGlobals) = postSolution
		SolutionGuid = {F29453B1-5388-4843-89AE-508E55B17374}
	EndGlobalSection
EndGlobal
